
Microsoft Visual Studio Solution File, Format Version 12.00
# Visual Studio 15
VisualStudioVersion = 15.0.26730.12
MinimumVisualStudioVersion = 10.0.40219.1
Project("{FAE04EC0-301F-11D3-BF4B-00C04F79EFBC}") = "fissolue.SimpleQueue.Blaster", "samples\fissolue.SimpleQueue.Blaster\fissolue.SimpleQueue.Blaster.csproj", "{8722A15C-1B1A-427C-BDEA-4BE429B365A0}"
EndProject
Project("{FAE04EC0-301F-11D3-BF4B-00C04F79EFBC}") = "fissolue.SimpleQueue", "src\fissolue.SimpleQueue\fissolue.SimpleQueue.csproj", "{1CAFCC86-8AC0-4BC8-BFC8-40D88ABDA338}"
EndProject
Project("{FAE04EC0-301F-11D3-BF4B-00C04F79EFBC}") = "fissolue.SimpleQueue.FluentNHibernate", "src\fissolue.SimpleQueue.FluentNHibernate\fissolue.SimpleQueue.FluentNHibernate.csproj", "{7D408131-22F9-4F11-9887-09CFA1DAF56D}"
EndProject
Project("{FAE04EC0-301F-11D3-BF4B-00C04F79EFBC}") = "fissolue.SimpleQueue.FluentNHibernateTest", "tests\fissolue.SimpleQueue.FluentNHibernateTest\fissolue.SimpleQueue.FluentNHibernateTest.csproj", "{B30E2C71-2848-4281-AB9B-C1399593EB74}"
EndProject
Project("{2150E333-8FDC-42A3-9474-1A3956D46DE8}") = "nuspecs", "nuspecs", "{2A287EF8-FB52-4B16-9AF1-B84AC49EC8C3}"
	ProjectSection(SolutionItems) = preProject
		nuspecs\fissolue.SimpleQueue.nuspec = nuspecs\fissolue.SimpleQueue.nuspec
	EndProjectSection
EndProject
Project("{2150E333-8FDC-42A3-9474-1A3956D46DE8}") = "samples", "samples", "{727A63E3-C99A-48AD-B157-F4F4C856C87F}"
EndProject
Project("{2150E333-8FDC-42A3-9474-1A3956D46DE8}") = "tests", "tests", "{881271B2-7981-4762-B349-D23AD5B7358D}"
EndProject
Global
	GlobalSection(SolutionConfigurationPlatforms) = preSolution
		Debug|Any CPU = Debug|Any CPU
		Release|Any CPU = Release|Any CPU
	EndGlobalSection
	GlobalSection(ProjectConfigurationPlatforms) = postSolution
		{8722A15C-1B1A-427C-BDEA-4BE429B365A0}.Debug|Any CPU.ActiveCfg = Debug|Any CPU
		{8722A15C-1B1A-427C-BDEA-4BE429B365A0}.Debug|Any CPU.Build.0 = Debug|Any CPU
		{8722A15C-1B1A-427C-BDEA-4BE429B365A0}.Release|Any CPU.ActiveCfg = Release|Any CPU
		{8722A15C-1B1A-427C-BDEA-4BE429B365A0}.Release|Any CPU.Build.0 = Release|Any CPU
		{1CAFCC86-8AC0-4BC8-BFC8-40D88ABDA338}.Debug|Any CPU.ActiveCfg = Debug|Any CPU
		{1CAFCC86-8AC0-4BC8-BFC8-40D88ABDA338}.Debug|Any CPU.Build.0 = Debug|Any CPU
		{1CAFCC86-8AC0-4BC8-BFC8-40D88ABDA338}.Release|Any CPU.ActiveCfg = Release|Any CPU
		{1CAFCC86-8AC0-4BC8-BFC8-40D88ABDA338}.Release|Any CPU.Build.0 = Release|Any CPU
		{7D408131-22F9-4F11-9887-09CFA1DAF56D}.Debug|Any CPU.ActiveCfg = Debug|Any CPU
		{7D408131-22F9-4F11-9887-09CFA1DAF56D}.Debug|Any CPU.Build.0 = Debug|Any CPU
		{7D408131-22F9-4F11-9887-09CFA1DAF56D}.Release|Any CPU.ActiveCfg = Release|Any CPU
		{7D408131-22F9-4F11-9887-09CFA1DAF56D}.Release|Any CPU.Build.0 = Release|Any CPU
		{B30E2C71-2848-4281-AB9B-C1399593EB74}.Debug|Any CPU.ActiveCfg = Debug|Any CPU
		{B30E2C71-2848-4281-AB9B-C1399593EB74}.Debug|Any CPU.Build.0 = Debug|Any CPU
		{B30E2C71-2848-4281-AB9B-C1399593EB74}.Release|Any CPU.ActiveCfg = Release|Any CPU
		{B30E2C71-2848-4281-AB9B-C1399593EB74}.Release|Any CPU.Build.0 = Release|Any CPU
	EndGlobalSection
	GlobalSection(SolutionProperties) = preSolution
		HideSolutionNode = FALSE
	EndGlobalSection
	GlobalSection(NestedProjects) = preSolution
		{8722A15C-1B1A-427C-BDEA-4BE429B365A0} = {727A63E3-C99A-48AD-B157-F4F4C856C87F}
		{B30E2C71-2848-4281-AB9B-C1399593EB74} = {881271B2-7981-4762-B349-D23AD5B7358D}
	EndGlobalSection
	GlobalSection(ExtensibilityGlobals) = postSolution
		SolutionGuid = {1B37E0D3-65FF-47E5-B749-01C7A17E80F5}
	EndGlobalSection
EndGlobal
